{
  "name": "safetag",
  "version": "0.1.0",
  "lockfileVersion": 1,
  "dependencies": {
    "docsmith": {
      "version": "0.3.1",
      "resolved": "https://registry.npmjs.org/docsmith/-/docsmith-0.3.1.tgz",
      "integrity": "sha512-102KU9C4L62usGn29YOVgjJNsGJsleMb60QA3xhobHzDbk9tFna5YSOwMJXrzVkqNAtY2wwJQEyyPOkVgYL23A=="
    }
  }
}
