{
  "name": "safetag",
  "version": "0.3.3",
  "lockfileVersion": 1,
  "requires": true,
  "dependencies": {
    "co": {
      "version": "3.1.0",
      "resolved": "https://registry.npmjs.org/co/-/co-3.1.0.tgz",
      "integrity": "sha1-TqVOpaCJOBUxheFSEMaNkJK8G3g=",
      "dev": true
    },
    "fault": {
      "version": "1.0.1",
      "resolved": "https://registry.npmjs.org/fault/-/fault-1.0.1.tgz",
      "integrity": "sha1-3o01Df1IviS13BsChn4IcbkTUJI=",
      "dev": true,
      "requires": {
        "format": "0.2.2"
      }
    },
    "format": {
      "version": "0.2.2",
      "resolved": "https://registry.npmjs.org/format/-/format-0.2.2.tgz",
      "integrity": "sha1-1hcBB+nv3E7TDJ3DkBbflCtctYs=",
      "dev": true
    },
    "irregular-plurals": {
      "version": "1.4.0",
      "resolved": "https://registry.npmjs.org/irregular-plurals/-/irregular-plurals-1.4.0.tgz",
      "integrity": "sha1-LKmwM2UREYVUEvFr5dd8YqRYp2Y=",
      "dev": true
    },
    "mdast-comment-marker": {
      "version": "1.0.2",
      "resolved": "https://registry.npmjs.org/mdast-comment-marker/-/mdast-comment-marker-1.0.2.tgz",
      "integrity": "sha1-Hd8O+BH7UkOQF8jSwLkiA18rp0o=",
      "dev": true
    },
    "mdast-util-heading-style": {
      "version": "1.0.3",
      "resolved": "https://registry.npmjs.org/mdast-util-heading-style/-/mdast-util-heading-style-1.0.3.tgz",
      "integrity": "sha1-77OQ28iqAWw89XegNJANsn7nJHw=",
      "dev": true
    },
    "mdast-util-to-string": {
      "version": "1.0.4",
      "resolved": "https://registry.npmjs.org/mdast-util-to-string/-/mdast-util-to-string-1.0.4.tgz",
      "integrity": "sha1-XEVch4yTVfDB5/PotxnPWDaRrPs=",
      "dev": true
    },
    "plur": {
      "version": "2.1.2",
      "resolved": "https://registry.npmjs.org/plur/-/plur-2.1.2.tgz",
      "integrity": "sha1-dIJFLBoPUI4+NE6uwxLJHCncZVo=",
      "dev": true,
      "requires": {
        "irregular-plurals": "1.4.0"
      }
    },
    "remark-frontmatter": {
      "version": "1.2.0",
      "resolved": "https://registry.npmjs.org/remark-frontmatter/-/remark-frontmatter-1.2.0.tgz",
      "integrity": "sha512-BqcYv/ly+I94TiOM/n7iyNVBknzvTIblnQJiAg+6W/s/jxjtBIz5D66Tcjc20elFwW4hIqQI7R2UV1nlYumY3A==",
      "dev": true,
      "requires": {
        "fault": "1.0.1",
        "xtend": "4.0.1"
      }
    },
    "remark-lint": {
      "version": "6.0.1",
      "resolved": "https://registry.npmjs.org/remark-lint/-/remark-lint-6.0.1.tgz",
      "integrity": "sha512-wvTTuB5O5pF8SxqahQjjrU3dtuhygYjaGcOZTw+4ACgSE4RBINDlNqN46HjcV3X0ib5GmObJUt5a2mmhtmuTqw==",
      "dev": true,
      "requires": {
        "remark-message-control": "4.0.2"
      }
    },
    "remark-lint-blockquote-indentation": {
      "version": "1.0.1",
      "resolved": "https://registry.npmjs.org/remark-lint-blockquote-indentation/-/remark-lint-blockquote-indentation-1.0.1.tgz",
      "integrity": "sha512-YrP99MJ3+dQ5JXzq39fUOcYzwcumva/xEM1eFtD2TrQcSdlMLoqYa7gj+aEEhZCjlA5BssTiVoWWW0RjyPPGZw==",
      "dev": true,
      "requires": {
        "mdast-util-to-string": "1.0.4",
        "plur": "2.1.2",
        "unified-lint-rule": "1.0.2",
        "unist-util-generated": "1.1.1",
        "unist-util-position": "3.0.0",
        "unist-util-visit": "1.3.0"
      }
    },
    "remark-lint-code-block-style": {
      "version": "1.0.1",
      "resolved": "https://registry.npmjs.org/remark-lint-code-block-style/-/remark-lint-code-block-style-1.0.1.tgz",
      "integrity": "sha512-FRUMhhKwCruH4vkatdMhVO4WlYpysV1NmMILVoK/k+/7uFLSfgvlqo66nzhpMdWL8TQHqdo0LhiXuetGC2WjsQ==",
      "dev": true,
      "requires": {
        "unified-lint-rule": "1.0.2",
        "unist-util-generated": "1.1.1",
        "unist-util-position": "3.0.0",
        "unist-util-visit": "1.3.0"
      }
    },
    "remark-lint-definition-case": {
      "version": "1.0.1",
      "resolved": "https://registry.npmjs.org/remark-lint-definition-case/-/remark-lint-definition-case-1.0.1.tgz",
      "integrity": "sha512-TxLye5KF4o/rKVTvmPRX5jS9itamFS02yy1IG8bIYcIAJvWsW3GlJaXq4ohK3hKwSQOhtCherEfD6XF9BHLNYQ==",
      "dev": true,
      "requires": {
        "unified-lint-rule": "1.0.2",
        "unist-util-generated": "1.1.1",
        "unist-util-position": "3.0.0",
        "unist-util-visit": "1.3.0"
      }
    },
    "remark-lint-definition-spacing": {
      "version": "1.0.1",
      "resolved": "https://registry.npmjs.org/remark-lint-definition-spacing/-/remark-lint-definition-spacing-1.0.1.tgz",
      "integrity": "sha512-ewzdlFfpTSP11ZuiOln0yfz6Y03aWtgJmLVQNfF1spaT1gURaShjs8Hiilbo719bz96DgvXSZLP6UnkSiZL1vg==",
      "dev": true,
      "requires": {
        "unified-lint-rule": "1.0.2",
        "unist-util-generated": "1.1.1",
        "unist-util-position": "3.0.0",
        "unist-util-visit": "1.3.0"
      }
    },
    "remark-lint-emphasis-marker": {
      "version": "1.0.1",
      "resolved": "https://registry.npmjs.org/remark-lint-emphasis-marker/-/remark-lint-emphasis-marker-1.0.1.tgz",
      "integrity": "sha512-QyNsD6y8EZQqhechw0XFGybYMlxn6PFLSlFUO50KSQlJEOgkImN2yJfrNrET2GY4t/fc/uYmeI/q7auUIkLX2w==",
      "dev": true,
      "requires": {
        "unified-lint-rule": "1.0.2",
        "unist-util-generated": "1.1.1",
        "unist-util-position": "3.0.0",
        "unist-util-visit": "1.3.0"
      }
    },
    "remark-lint-fenced-code-flag": {
      "version": "1.0.1",
      "resolved": "https://registry.npmjs.org/remark-lint-fenced-code-flag/-/remark-lint-fenced-code-flag-1.0.1.tgz",
      "integrity": "sha512-P24T9DRe/nnywPFRpE1UAXAVzN1CX6HmINr15UHbQZo1Cy8KYt7uV9YOR0/XzphtnO/AFenAqZyf7tchW5AUNQ==",
      "dev": true,
      "requires": {
        "unified-lint-rule": "1.0.2",
        "unist-util-generated": "1.1.1",
        "unist-util-position": "3.0.0",
        "unist-util-visit": "1.3.0"
      }
    },
    "remark-lint-fenced-code-marker": {
      "version": "1.0.1",
      "resolved": "https://registry.npmjs.org/remark-lint-fenced-code-marker/-/remark-lint-fenced-code-marker-1.0.1.tgz",
      "integrity": "sha512-mX7xAMl5m7xGX+YtOtyXIyv+egD4IQAm6DPGdfunI734QwODwcoBydtpTD56jrY+48nVcQ/anFYT1Blg3Xk3sQ==",
      "dev": true,
      "requires": {
        "unified-lint-rule": "1.0.2",
        "unist-util-generated": "1.1.1",
        "unist-util-position": "3.0.0",
        "unist-util-visit": "1.3.0"
      }
    },
    "remark-lint-file-extension": {
      "version": "1.0.1",
      "resolved": "https://registry.npmjs.org/remark-lint-file-extension/-/remark-lint-file-extension-1.0.1.tgz",
      "integrity": "sha512-K1Pf5oviaFyCs0FhZqaNZ2odgd5KoV6AlA4nNAMxyylB0Y6t0mYpzECoLSS5Bgxf6f8Op9YbuM2cbjBAsv0dIA==",
      "dev": true,
      "requires": {
        "unified-lint-rule": "1.0.2"
      }
    },
    "remark-lint-final-definition": {
      "version": "1.0.1",
      "resolved": "https://registry.npmjs.org/remark-lint-final-definition/-/remark-lint-final-definition-1.0.1.tgz",
      "integrity": "sha512-DK6bphJdQ0xSOQAn+8wOyLIVc3SZW2+ZzCMCLkQnVtHiQ9GHMzFiCkeE3Cq+OClsMI5Yn8wFTHZHPUn58VhNEQ==",
      "dev": true,
      "requires": {
        "unified-lint-rule": "1.0.2",
        "unist-util-generated": "1.1.1",
        "unist-util-position": "3.0.0",
        "unist-util-visit": "1.3.0"
      }
    },
    "remark-lint-hard-break-spaces": {
      "version": "1.0.2",
      "resolved": "https://registry.npmjs.org/remark-lint-hard-break-spaces/-/remark-lint-hard-break-spaces-1.0.2.tgz",
      "integrity": "sha512-uh7LqHgRPCphiCvRzBVA4D0Ml2IqPaw89lWJdQ6HvYiV8ChB/OFLBapHi6OKW7NVVVPPJsElPMB/UPUsKFaPTg==",
      "dev": true,
      "requires": {
        "unified-lint-rule": "1.0.2",
        "unist-util-generated": "1.1.1",
        "unist-util-position": "3.0.0",
        "unist-util-visit": "1.3.0"
      }
    },
    "remark-lint-heading-increment": {
      "version": "1.0.1",
      "resolved": "https://registry.npmjs.org/remark-lint-heading-increment/-/remark-lint-heading-increment-1.0.1.tgz",
      "integrity": "sha512-jBAJacXAU5drUpvmymOoFmrdCCNDiz8bzGgJIMjpT0Vyjd0+qdXu2iyFMl/4RkkUli25rpUDXkTHTcxmNbh7Zw==",
      "dev": true,
      "requires": {
        "unified-lint-rule": "1.0.2",
        "unist-util-generated": "1.1.1",
        "unist-util-visit": "1.3.0"
      }
    },
    "remark-lint-heading-style": {
      "version": "1.0.1",
      "resolved": "https://registry.npmjs.org/remark-lint-heading-style/-/remark-lint-heading-style-1.0.1.tgz",
      "integrity": "sha512-m9Gqr091YdxUtG69xdXYH8fSd3+nsrsMamB/qSWpVSZuWQKZ1mRotr1LO9NphJh6vhw8IfBtG07wgEDn6b40sQ==",
      "dev": true,
      "requires": {
        "mdast-util-heading-style": "1.0.3",
        "unified-lint-rule": "1.0.2",
        "unist-util-generated": "1.1.1",
        "unist-util-visit": "1.3.0"
      }
    },
    "remark-lint-link-title-style": {
      "version": "1.0.1",
      "resolved": "https://registry.npmjs.org/remark-lint-link-title-style/-/remark-lint-link-title-style-1.0.1.tgz",
      "integrity": "sha512-91MyqmZjokSzRbgvlKq5sLCJEFkM/MNKT1PDaWa3+GDLBGu7D4eMQGd2x49xX8IdJDEoWy5D8W+2Gb8XKWMUyw==",
      "dev": true,
      "requires": {
        "unified-lint-rule": "1.0.2",
        "unist-util-generated": "1.1.1",
        "unist-util-position": "3.0.0",
        "unist-util-visit": "1.3.0",
        "vfile-location": "2.0.2"
      }
    },
    "remark-lint-list-item-content-indent": {
      "version": "1.0.1",
      "resolved": "https://registry.npmjs.org/remark-lint-list-item-content-indent/-/remark-lint-list-item-content-indent-1.0.1.tgz",
      "integrity": "sha512-R5cdXFFywoBcg+2UUcF9OJ/vt9oqJv+KmTKIQV9CFHWeAfMFiZbxazsSPNaCcO1fW9622hxPCawN/AofDTbP7Q==",
      "dev": true,
      "requires": {
        "plur": "2.1.2",
        "unified-lint-rule": "1.0.2",
        "unist-util-generated": "1.1.1",
        "unist-util-position": "3.0.0",
        "unist-util-visit": "1.3.0"
      }
    },
    "remark-lint-list-item-indent": {
      "version": "1.0.1",
      "resolved": "https://registry.npmjs.org/remark-lint-list-item-indent/-/remark-lint-list-item-indent-1.0.1.tgz",
      "integrity": "sha512-dSUFGQYtduuaos+5oXH89RTk0rGUe6DFf04q+rxQ7Z3YRbuXhAU2nYeY0/HENYiWJU1xFLteZkDvKMj0NfS3DQ==",
      "dev": true,
      "requires": {
        "plur": "2.1.2",
        "unified-lint-rule": "1.0.2",
        "unist-util-generated": "1.1.1",
        "unist-util-position": "3.0.0",
        "unist-util-visit": "1.3.0"
      }
    },
    "remark-lint-list-item-spacing": {
      "version": "1.1.1",
      "resolved": "https://registry.npmjs.org/remark-lint-list-item-spacing/-/remark-lint-list-item-spacing-1.1.1.tgz",
      "integrity": "sha512-HlPEzRq4LJB6tQ72zgIZ42mOaOSX92O268BLolys/H1x6N29/JNMLfurWqLsrxZrxxHH3H7EUP4dNM2P1kDGBw==",
      "dev": true,
      "requires": {
        "unified-lint-rule": "1.0.2",
        "unist-util-generated": "1.1.1",
        "unist-util-position": "3.0.0",
        "unist-util-visit": "1.3.0"
      }
    },
    "remark-lint-maximum-heading-length": {
      "version": "1.0.1",
      "resolved": "https://registry.npmjs.org/remark-lint-maximum-heading-length/-/remark-lint-maximum-heading-length-1.0.1.tgz",
      "integrity": "sha512-f8ChV9U238gncyvTqmzJ+UpCMj+hFyluWBjVYr2K8CNh+MdSivIxS4zw4170sBRoqNuS3gBxRHG9f4rmdqotJA==",
      "dev": true,
      "requires": {
        "mdast-util-to-string": "1.0.4",
        "unified-lint-rule": "1.0.2",
        "unist-util-generated": "1.1.1",
        "unist-util-visit": "1.3.0"
      }
    },
    "remark-lint-maximum-line-length": {
      "version": "1.0.2",
      "resolved": "https://registry.npmjs.org/remark-lint-maximum-line-length/-/remark-lint-maximum-line-length-1.0.2.tgz",
      "integrity": "sha512-M4UIXAAbtLgoQbTDVwdKOEFbTKtJSZ+pCW7ZqMFs+cbIN0Svm32LM9+xpVfVU0hLYt3Ypl++EAPfguBNe1PZEw==",
      "dev": true,
      "requires": {
        "unified-lint-rule": "1.0.2",
        "unist-util-generated": "1.1.1",
        "unist-util-position": "3.0.0",
        "unist-util-visit": "1.3.0"
      }
    },
    "remark-lint-no-auto-link-without-protocol": {
      "version": "1.0.1",
      "resolved": "https://registry.npmjs.org/remark-lint-no-auto-link-without-protocol/-/remark-lint-no-auto-link-without-protocol-1.0.1.tgz",
      "integrity": "sha512-MHl0hNtF8Rc0lg6iuVP7/0rnp4uZadm3S07/1TiFeqzU22KFxxzcC8980Q4+I8oPZE0d1x80h9DmkNAVFwhDjQ==",
      "dev": true,
      "requires": {
        "mdast-util-to-string": "1.0.4",
        "unified-lint-rule": "1.0.2",
        "unist-util-generated": "1.1.1",
        "unist-util-position": "3.0.0",
        "unist-util-visit": "1.3.0"
      }
    },
    "remark-lint-no-blockquote-without-marker": {
      "version": "2.0.1",
      "resolved": "https://registry.npmjs.org/remark-lint-no-blockquote-without-marker/-/remark-lint-no-blockquote-without-marker-2.0.1.tgz",
      "integrity": "sha512-8VTQ/MP3flvG4U0tFSD+DMVT7F/4u9SnQLb/jjeRC3DzgbsIagIUqpWYAKkc+yBz9S/lgftA92lLP5PrlOa5DA==",
      "dev": true,
      "requires": {
        "unified-lint-rule": "1.0.2",
        "unist-util-generated": "1.1.1",
        "unist-util-position": "3.0.0",
        "unist-util-visit": "1.3.0",
        "vfile-location": "2.0.2"
      }
    },
    "remark-lint-no-consecutive-blank-lines": {
      "version": "1.0.1",
      "resolved": "https://registry.npmjs.org/remark-lint-no-consecutive-blank-lines/-/remark-lint-no-consecutive-blank-lines-1.0.1.tgz",
      "integrity": "sha512-IhyUiGTpb/hjtusIVg10q963KeL5CyNfbWOfDZ1KtY2tvdoSPRGrrCuTKo6OG8r1qavM6bU0mtRuIBqNh4lIzA==",
      "dev": true,
      "requires": {
        "plur": "2.1.2",
        "unified-lint-rule": "1.0.2",
        "unist-util-generated": "1.1.1",
        "unist-util-position": "3.0.0",
        "unist-util-visit": "1.3.0"
      }
    },
    "remark-lint-no-duplicate-headings": {
      "version": "1.0.1",
      "resolved": "https://registry.npmjs.org/remark-lint-no-duplicate-headings/-/remark-lint-no-duplicate-headings-1.0.1.tgz",
      "integrity": "sha512-iZZxyZgwnjvDkydKZzqHBueJvIpGbxnITmgd8xN8TOLZoAg9/KGTQRAkotL1HXNRdkzwggfgB9ONxv/rWtYBmg==",
      "dev": true,
      "requires": {
        "mdast-util-to-string": "1.0.4",
        "unified-lint-rule": "1.0.2",
        "unist-util-generated": "1.1.1",
        "unist-util-position": "3.0.0",
        "unist-util-visit": "1.3.0"
      }
    },
    "remark-lint-no-emphasis-as-heading": {
      "version": "1.0.1",
      "resolved": "https://registry.npmjs.org/remark-lint-no-emphasis-as-heading/-/remark-lint-no-emphasis-as-heading-1.0.1.tgz",
      "integrity": "sha512-+x17Hrjwne4Mhk2x/Zolnuv/sOclF1oYMDBSEYhBUpn/UAwxhXEXYKkeo0KkWA7Q3+UCLELJvzsk4cGNP6Sgow==",
      "dev": true,
      "requires": {
        "unified-lint-rule": "1.0.2",
        "unist-util-generated": "1.1.1",
        "unist-util-visit": "1.3.0"
      }
    },
    "remark-lint-no-file-name-articles": {
      "version": "1.0.1",
      "resolved": "https://registry.npmjs.org/remark-lint-no-file-name-articles/-/remark-lint-no-file-name-articles-1.0.1.tgz",
      "integrity": "sha512-SzebnFnilrsINA6QZP1YqPa3SrfSotrLkRWl5FUCoVshBvEFNKJFWXj6Xyt4NjWQ5tJWFtOMysAuHdGT+Odhjg==",
      "dev": true,
      "requires": {
        "unified-lint-rule": "1.0.2"
      }
    },
    "remark-lint-no-file-name-consecutive-dashes": {
      "version": "1.0.1",
      "resolved": "https://registry.npmjs.org/remark-lint-no-file-name-consecutive-dashes/-/remark-lint-no-file-name-consecutive-dashes-1.0.1.tgz",
      "integrity": "sha512-YP2HBwA00yeD7phvxp4ftiqbfBPfYHPgPfcEcb8oNa1WlUh/58cs9DbSHWKsZG+XLkvEaheC6qUQG02jEKZHPA==",
      "dev": true,
      "requires": {
        "unified-lint-rule": "1.0.2"
      }
    },
    "remark-lint-no-file-name-irregular-characters": {
      "version": "1.0.1",
      "resolved": "https://registry.npmjs.org/remark-lint-no-file-name-irregular-characters/-/remark-lint-no-file-name-irregular-characters-1.0.1.tgz",
      "integrity": "sha512-+ks/V6OVMGOPZKw+fe2E4DPvLoslGxvdgtqXq2Nyz0cEdYX8RP45kI79V4w95H7UCJAeOFM9mZzVLvmCY1sEbg==",
      "dev": true,
      "requires": {
        "unified-lint-rule": "1.0.2"
      }
    },
    "remark-lint-no-file-name-mixed-case": {
      "version": "1.0.1",
      "resolved": "https://registry.npmjs.org/remark-lint-no-file-name-mixed-case/-/remark-lint-no-file-name-mixed-case-1.0.1.tgz",
      "integrity": "sha512-bcqPsow1C0LrsKII1YehUO7VPOER7nze6FzsZZ8/NP+d200OL7Y7VMCqN1kscAvG+PTJgjznyXuLEpy7KQnVFg==",
      "dev": true,
      "requires": {
        "unified-lint-rule": "1.0.2"
      }
    },
    "remark-lint-no-file-name-outer-dashes": {
      "version": "1.0.2",
      "resolved": "https://registry.npmjs.org/remark-lint-no-file-name-outer-dashes/-/remark-lint-no-file-name-outer-dashes-1.0.2.tgz",
      "integrity": "sha512-BVEwLrA4kipalgKrxhncpgtmh6eUmHBH1ggC+X3csYR4X5vXv4vHQqpov4I1vMyWxMLMBnq7lTL3Iqp0CS4vwg==",
      "dev": true,
      "requires": {
        "unified-lint-rule": "1.0.2"
      }
    },
    "remark-lint-no-heading-punctuation": {
      "version": "1.0.1",
      "resolved": "https://registry.npmjs.org/remark-lint-no-heading-punctuation/-/remark-lint-no-heading-punctuation-1.0.1.tgz",
      "integrity": "sha512-/7kGRmPT+JLxEME1Z/rQn99mP8yr4qXFwcniKYsefR1jl8pCZciwCIp2Tq92Nn+FPELVrpk9sloRBb2JP3UB0A==",
      "dev": true,
      "requires": {
        "mdast-util-to-string": "1.0.4",
        "unified-lint-rule": "1.0.2",
        "unist-util-generated": "1.1.1",
        "unist-util-visit": "1.3.0"
      }
    },
    "remark-lint-no-inline-padding": {
      "version": "1.0.1",
      "resolved": "https://registry.npmjs.org/remark-lint-no-inline-padding/-/remark-lint-no-inline-padding-1.0.1.tgz",
      "integrity": "sha512-nRl6vA45ZPdMz3/rVMZw7WRRqLFuMrzhdkrbrGLjwBovdIeD/IGCEbDA5NR60g2xT9V5dAmKogvHEH1bIr8SdQ==",
      "dev": true,
      "requires": {
        "mdast-util-to-string": "1.0.4",
        "unified-lint-rule": "1.0.2",
        "unist-util-generated": "1.1.1",
        "unist-util-visit": "1.3.0"
      }
    },
    "remark-lint-no-literal-urls": {
      "version": "1.0.1",
      "resolved": "https://registry.npmjs.org/remark-lint-no-literal-urls/-/remark-lint-no-literal-urls-1.0.1.tgz",
      "integrity": "sha512-YMsZFVYQDt9gvpc6THL76GzyhCR+cK79vjyEOEmX+O3tOjxQstbi0oW6Lngbl1WbpkCW5TWEzSKOorQowYI2wg==",
      "dev": true,
      "requires": {
        "mdast-util-to-string": "1.0.4",
        "unified-lint-rule": "1.0.2",
        "unist-util-generated": "1.1.1",
        "unist-util-position": "3.0.0",
        "unist-util-visit": "1.3.0"
      }
    },
    "remark-lint-no-multiple-toplevel-headings": {
      "version": "1.0.1",
      "resolved": "https://registry.npmjs.org/remark-lint-no-multiple-toplevel-headings/-/remark-lint-no-multiple-toplevel-headings-1.0.1.tgz",
      "integrity": "sha512-LFfgjF3NKFkt0tGNnJ8Exf8+DrVcMRwek5qu5mvh2KrZnmSpm5flYWzUy2UnnIyicDL3CZYC/r3Fjz6CeBYgZA==",
      "dev": true,
      "requires": {
        "unified-lint-rule": "1.0.2",
        "unist-util-generated": "1.1.1",
        "unist-util-position": "3.0.0",
        "unist-util-visit": "1.3.0"
      }
    },
    "remark-lint-no-shell-dollars": {
      "version": "1.0.1",
      "resolved": "https://registry.npmjs.org/remark-lint-no-shell-dollars/-/remark-lint-no-shell-dollars-1.0.1.tgz",
      "integrity": "sha512-YryHem73PTxjCkuC4HONJWHsmrLyXmF7r+cCH36Ys3vuWsfAbwkbOwpyuPB4KXn+6fHaTUfz/B5BPp3iwzJwyA==",
      "dev": true,
      "requires": {
        "unified-lint-rule": "1.0.2",
        "unist-util-generated": "1.1.1",
        "unist-util-visit": "1.3.0"
      }
    },
    "remark-lint-no-shortcut-reference-image": {
      "version": "1.0.1",
      "resolved": "https://registry.npmjs.org/remark-lint-no-shortcut-reference-image/-/remark-lint-no-shortcut-reference-image-1.0.1.tgz",
      "integrity": "sha512-nUQ+4xB5hKZTCl9gvg7c+W1T3ddsnjgu4zwRza2Bn+21cKmUzx+z9dvlZ4aVuNGmxuWHbKI8/ZkKuB8Eu27vJw==",
      "dev": true,
      "requires": {
        "unified-lint-rule": "1.0.2",
        "unist-util-generated": "1.1.1",
        "unist-util-visit": "1.3.0"
      }
    },
    "remark-lint-no-shortcut-reference-link": {
      "version": "1.0.2",
      "resolved": "https://registry.npmjs.org/remark-lint-no-shortcut-reference-link/-/remark-lint-no-shortcut-reference-link-1.0.2.tgz",
      "integrity": "sha512-A6ZexZ6XyQ7fXebrj5WgW5FkSJ81GobjWyMFVmBxgxPd9GH2BkRsZ10aFSkQQvfKSrqbnOL2vrigGMgbiERRxA==",
      "dev": true,
      "requires": {
        "unified-lint-rule": "1.0.2",
        "unist-util-generated": "1.1.1",
        "unist-util-visit": "1.3.0"
      }
    },
    "remark-lint-no-table-indentation": {
      "version": "1.0.1",
      "resolved": "https://registry.npmjs.org/remark-lint-no-table-indentation/-/remark-lint-no-table-indentation-1.0.1.tgz",
      "integrity": "sha512-QrtT1GvJmAoNsWh+gmHFajFlM+ubm9rd3Cbz2OYPix8ZM6g907aIfG2NusJFXL9D8/CExQWYhlBvelFBbHgqbQ==",
      "dev": true,
      "requires": {
        "unified-lint-rule": "1.0.2",
        "unist-util-generated": "1.1.1",
        "unist-util-position": "3.0.0",
        "unist-util-visit": "1.3.0"
      }
    },
    "remark-lint-ordered-list-marker-style": {
      "version": "1.0.1",
      "resolved": "https://registry.npmjs.org/remark-lint-ordered-list-marker-style/-/remark-lint-ordered-list-marker-style-1.0.1.tgz",
      "integrity": "sha512-LJICUZIxqHHi360EP90zbDP+2QQIVVgPGlz0AatuR9ifd7xqAzraQKxsQajAZpuOepZgjBMTOz9L9W0Znx7ujA==",
      "dev": true,
      "requires": {
        "unified-lint-rule": "1.0.2",
        "unist-util-generated": "1.1.1",
        "unist-util-position": "3.0.0",
        "unist-util-visit": "1.3.0"
      }
    },
    "remark-lint-ordered-list-marker-value": {
      "version": "1.0.1",
      "resolved": "https://registry.npmjs.org/remark-lint-ordered-list-marker-value/-/remark-lint-ordered-list-marker-value-1.0.1.tgz",
      "integrity": "sha512-P6fYui3MvuB21+6AYH8Lbe7SVZ2VQL+FVJUuDCBhe01bgx6SajGmQ/f4Iqt0gCHEAaKw7e2B7tdwd36ifbs1EA==",
      "dev": true,
      "requires": {
        "unified-lint-rule": "1.0.2",
        "unist-util-generated": "1.1.1",
        "unist-util-position": "3.0.0",
        "unist-util-visit": "1.3.0"
      }
    },
    "remark-lint-rule-style": {
      "version": "1.0.1",
      "resolved": "https://registry.npmjs.org/remark-lint-rule-style/-/remark-lint-rule-style-1.0.1.tgz",
      "integrity": "sha512-dzH+K6DcPIIMBq6LUQgE4dR9TiQGZrQOoULD7m0Y0lIb2EoR2FK5Zd4TgZg/LnvTs6fid37t0xFoaY4/lXV/5Q==",
      "dev": true,
      "requires": {
        "unified-lint-rule": "1.0.2",
        "unist-util-generated": "1.1.1",
        "unist-util-position": "3.0.0",
        "unist-util-visit": "1.3.0"
      }
    },
    "remark-lint-strong-marker": {
      "version": "1.0.1",
      "resolved": "https://registry.npmjs.org/remark-lint-strong-marker/-/remark-lint-strong-marker-1.0.1.tgz",
      "integrity": "sha512-+bwWKWAqDwqd21Vw+ndqVFh5V27Dp4MKhk9AUlKmcvgJYHuvQ8UfWQdpZcP218ps/4EbwTfyi33TaPyXqOTlXA==",
      "dev": true,
      "requires": {
        "unified-lint-rule": "1.0.2",
        "unist-util-generated": "1.1.1",
        "unist-util-position": "3.0.0",
        "unist-util-visit": "1.3.0"
      }
    },
    "remark-lint-table-cell-padding": {
      "version": "1.0.1",
      "resolved": "https://registry.npmjs.org/remark-lint-table-cell-padding/-/remark-lint-table-cell-padding-1.0.1.tgz",
      "integrity": "sha512-o3WwC9YysXbQKf0D5nvhhJPcLagqedLwGdifukdgyaKvuIQVbtWbNv1/UOdB3LL+D+2fUrwrCmnQ8J3E1r0lBw==",
      "dev": true,
      "requires": {
        "unified-lint-rule": "1.0.2",
        "unist-util-generated": "1.1.1",
        "unist-util-position": "3.0.0",
        "unist-util-visit": "1.3.0"
      }
    },
    "remark-lint-table-pipe-alignment": {
      "version": "1.0.1",
      "resolved": "https://registry.npmjs.org/remark-lint-table-pipe-alignment/-/remark-lint-table-pipe-alignment-1.0.1.tgz",
      "integrity": "sha512-lYfK2gWGN45hYfAOZw5gscQ4uDaO9bJLp+H64jvrTQzBV+OCvB9kRQwI0oIrJAa4XMmipAZR+2XhjNSCfQ0fRA==",
      "dev": true,
      "requires": {
        "unified-lint-rule": "1.0.2",
        "unist-util-generated": "1.1.1",
        "unist-util-position": "3.0.0",
        "unist-util-visit": "1.3.0"
      }
    },
    "remark-lint-table-pipes": {
      "version": "1.0.1",
      "resolved": "https://registry.npmjs.org/remark-lint-table-pipes/-/remark-lint-table-pipes-1.0.1.tgz",
      "integrity": "sha512-VHfDRvcovLBl/cvSjwDoA0xRizdZU33A6F2qFD9A5hu1sDWgGxMLg5m2MOvFlRkUVxSwUv47cuD0/yxB4THYXQ==",
      "dev": true,
      "requires": {
        "unified-lint-rule": "1.0.2",
        "unist-util-generated": "1.1.1",
        "unist-util-position": "3.0.0",
        "unist-util-visit": "1.3.0"
      }
    },
    "remark-lint-unordered-list-marker-style": {
      "version": "1.0.1",
      "resolved": "https://registry.npmjs.org/remark-lint-unordered-list-marker-style/-/remark-lint-unordered-list-marker-style-1.0.1.tgz",
      "integrity": "sha512-dHYD9cHM9ZJ7BKUZ1nEPGfLAHgUmYxccXtms1GSEM/uyUtR2SU/ao1RwZZ+LvacZFCNZ1yG2yKCJhGI/5U/GrA==",
      "dev": true,
      "requires": {
        "unified-lint-rule": "1.0.2",
        "unist-util-generated": "1.1.1",
        "unist-util-position": "3.0.0",
        "unist-util-visit": "1.3.0"
      }
    },
    "remark-message-control": {
      "version": "4.0.2",
      "resolved": "https://registry.npmjs.org/remark-message-control/-/remark-message-control-4.0.2.tgz",
      "integrity": "sha512-eMirgrJJwIHSs/t7N9lqDIg8NidqSoxxjuxGyqE4j1blCMc/jr7/t5vvNE9ezlXp4MHCp2+61S4gFWnLANAbpg==",
      "dev": true,
      "requires": {
        "mdast-comment-marker": "1.0.2",
        "trim": "0.0.1",
        "unist-util-visit": "1.3.0",
        "vfile-location": "2.0.2"
      }
    },
    "remark-preset-lint-markdown-style-guide": {
      "version": "2.1.1",
      "resolved": "https://registry.npmjs.org/remark-preset-lint-markdown-style-guide/-/remark-preset-lint-markdown-style-guide-2.1.1.tgz",
      "integrity": "sha512-Ao6fB63WuGtz1fa4rjoI+u1EOu21rWVGPmJlUKZlCICPPB6I815nJ52V0sLYjaw2cs+ZiXsXhdVinN7UpVgXcQ==",
      "dev": true,
      "requires": {
        "remark-lint": "6.0.1",
        "remark-lint-blockquote-indentation": "1.0.1",
        "remark-lint-code-block-style": "1.0.1",
        "remark-lint-definition-case": "1.0.1",
        "remark-lint-definition-spacing": "1.0.1",
        "remark-lint-emphasis-marker": "1.0.1",
        "remark-lint-fenced-code-flag": "1.0.1",
        "remark-lint-fenced-code-marker": "1.0.1",
        "remark-lint-file-extension": "1.0.1",
        "remark-lint-final-definition": "1.0.1",
        "remark-lint-hard-break-spaces": "1.0.2",
        "remark-lint-heading-increment": "1.0.1",
        "remark-lint-heading-style": "1.0.1",
        "remark-lint-link-title-style": "1.0.1",
        "remark-lint-list-item-content-indent": "1.0.1",
        "remark-lint-list-item-indent": "1.0.1",
        "remark-lint-list-item-spacing": "1.1.1",
        "remark-lint-maximum-heading-length": "1.0.1",
        "remark-lint-maximum-line-length": "1.0.2",
        "remark-lint-no-auto-link-without-protocol": "1.0.1",
        "remark-lint-no-blockquote-without-marker": "2.0.1",
        "remark-lint-no-consecutive-blank-lines": "1.0.1",
        "remark-lint-no-duplicate-headings": "1.0.1",
        "remark-lint-no-emphasis-as-heading": "1.0.1",
        "remark-lint-no-file-name-articles": "1.0.1",
        "remark-lint-no-file-name-consecutive-dashes": "1.0.1",
        "remark-lint-no-file-name-irregular-characters": "1.0.1",
        "remark-lint-no-file-name-mixed-case": "1.0.1",
        "remark-lint-no-file-name-outer-dashes": "1.0.2",
        "remark-lint-no-heading-punctuation": "1.0.1",
        "remark-lint-no-inline-padding": "1.0.1",
        "remark-lint-no-literal-urls": "1.0.1",
        "remark-lint-no-multiple-toplevel-headings": "1.0.1",
        "remark-lint-no-shell-dollars": "1.0.1",
        "remark-lint-no-shortcut-reference-image": "1.0.1",
        "remark-lint-no-shortcut-reference-link": "1.0.2",
        "remark-lint-no-table-indentation": "1.0.1",
        "remark-lint-ordered-list-marker-style": "1.0.1",
        "remark-lint-ordered-list-marker-value": "1.0.1",
        "remark-lint-rule-style": "1.0.1",
        "remark-lint-strong-marker": "1.0.1",
        "remark-lint-table-cell-padding": "1.0.1",
        "remark-lint-table-pipe-alignment": "1.0.1",
        "remark-lint-table-pipes": "1.0.1",
        "remark-lint-unordered-list-marker-style": "1.0.1"
      }
    },
    "sliced": {
      "version": "1.0.1",
      "resolved": "https://registry.npmjs.org/sliced/-/sliced-1.0.1.tgz",
      "integrity": "sha1-CzpmK10Ewxd7GSa+qCsD+Dei70E=",
      "dev": true
    },
    "trim": {
      "version": "0.0.1",
      "resolved": "https://registry.npmjs.org/trim/-/trim-0.0.1.tgz",
      "integrity": "sha1-WFhUf2spB1fulczMZm+1AITEYN0=",
      "dev": true
    },
    "unified-lint-rule": {
      "version": "1.0.2",
      "resolved": "https://registry.npmjs.org/unified-lint-rule/-/unified-lint-rule-1.0.2.tgz",
      "integrity": "sha512-WkqwMC1aijHE17W3Z1co7aTI+Dzo1jHdwhI66fTClU1yOTbzAsTqlOD6eeR/MI9235Y3nu2jMDcm8GCeq4gaLg==",
      "dev": true,
      "requires": {
        "wrapped": "1.0.1"
      }
    },
    "unist-util-generated": {
      "version": "1.1.1",
      "resolved": "https://registry.npmjs.org/unist-util-generated/-/unist-util-generated-1.1.1.tgz",
      "integrity": "sha1-mfFseJWayFTe58YVwpGSTIv03n8=",
      "dev": true
    },
    "unist-util-is": {
      "version": "2.1.1",
      "resolved": "https://registry.npmjs.org/unist-util-is/-/unist-util-is-2.1.1.tgz",
      "integrity": "sha1-DDEmKeP5YMZukx6BLT2A53AQlHs=",
      "dev": true
    },
    "unist-util-position": {
      "version": "3.0.0",
      "resolved": "https://registry.npmjs.org/unist-util-position/-/unist-util-position-3.0.0.tgz",
      "integrity": "sha1-5uHgPu64HF4a/lU+jUrfvXwNj4I=",
      "dev": true
    },
    "unist-util-visit": {
      "version": "1.3.0",
      "resolved": "https://registry.npmjs.org/unist-util-visit/-/unist-util-visit-1.3.0.tgz",
      "integrity": "sha512-9ntYcxPFtl44gnwXrQKZ5bMqXMY0ZHzUpqMFiU4zcc8mmf/jzYm8GhYgezuUlX4cJIM1zIDYaO6fG/fI+L6iiQ==",
      "dev": true,
      "requires": {
        "unist-util-is": "2.1.1"
      }
    },
    "vfile-location": {
      "version": "2.0.2",
      "resolved": "https://registry.npmjs.org/vfile-location/-/vfile-location-2.0.2.tgz",
      "integrity": "sha1-02dcWch3SY5JK0dW/2Xkrxp1IlU=",
      "dev": true
    },
    "wrapped": {
      "version": "1.0.1",
      "resolved": "https://registry.npmjs.org/wrapped/-/wrapped-1.0.1.tgz",
      "integrity": "sha1-x4PZ2Aeyc+mwHoUWgKk4yHyQckI=",
      "dev": true,
      "requires": {
        "co": "3.1.0",
        "sliced": "1.0.1"
      }
    },
    "xtend": {
      "version": "4.0.1",
      "resolved": "https://registry.npmjs.org/xtend/-/xtend-4.0.1.tgz",
      "integrity": "sha1-pcbVMr5lbiPbgg77lDofBJmNY68=",
      "dev": true
    }
  }
}
